
Microsoft Visual Studio Solution File, Format Version 12.00
# Visual Studio 15
Project("{FAE04EC0-301F-11D3-BF4B-00C04F79EFBC}") = "LINQPractice", "LINQPractice\LINQPractice.csproj", "{A615FC8C-6D02-459A-9D97-94E7C78BD917}"
EndProject
Global
	GlobalSection(SolutionConfigurationPlatforms) = preSolution
		Debug|Any CPU = Debug|Any CPU
		Release|Any CPU = Release|Any CPU
	EndGlobalSection
	GlobalSection(ProjectConfigurationPlatforms) = postSolution
		{A615FC8C-6D02-459A-9D97-94E7C78BD917}.Debug|Any CPU.ActiveCfg = Debug|Any CPU
		{A615FC8C-6D02-459A-9D97-94E7C78BD917}.Debug|Any CPU.Build.0 = Debug|Any CPU
		{A615FC8C-6D02-459A-9D97-94E7C78BD917}.Release|Any CPU.ActiveCfg = Release|Any CPU
		{A615FC8C-6D02-459A-9D97-94E7C78BD917}.Release|Any CPU.Build.0 = Release|Any CPU
	EndGlobalSection
EndGlobal
